
Microsoft Visual Studio Solution File, Format Version 12.00
# Visual Studio Version 16
VisualStudioVersion = 16.0.28803.202
MinimumVisualStudioVersion = 10.0.40219.1
Project("{FAE04EC0-301F-11D3-BF4B-00C04F79EFBC}") = "NextMassConsole", "NextMassConsole\NextMassConsole.csproj", "{09ED29AB-7BDA-435C-8F11-5EA630E20112}"
EndProject
Global
	GlobalSection(SolutionConfigurationPlatforms) = preSolution
		Debug|Any CPU = Debug|Any CPU
		Release|Any CPU = Release|Any CPU
	EndGlobalSection
	GlobalSection(ProjectConfigurationPlatforms) = postSolution
		{09ED29AB-7BDA-435C-8F11-5EA630E20112}.Debug|Any CPU.ActiveCfg = Debug|Any CPU
		{09ED29AB-7BDA-435C-8F11-5EA630E20112}.Debug|Any CPU.Build.0 = Debug|Any CPU
		{09ED29AB-7BDA-435C-8F11-5EA630E20112}.Release|Any CPU.ActiveCfg = Release|Any CPU
		{09ED29AB-7BDA-435C-8F11-5EA630E20112}.Release|Any CPU.Build.0 = Release|Any CPU
	EndGlobalSection
	GlobalSection(SolutionProperties) = preSolution
		HideSolutionNode = FALSE
	EndGlobalSection
	GlobalSection(ExtensibilityGlobals) = postSolution
		SolutionGuid = {077EB8A3-C8A6-4670-8283-361AFDD1F77D}
	EndGlobalSection
EndGlobal
